<Solution>
  <Project Path="Examples.Logging.Nlog/Examples.Logging.Nlog.csproj" />
  <Project Path="Examples.Logging.Serilog/Examples.Logging.Serilog.csproj" />
  <Project Path="Examples.Logging.Tests/Examples.Logging.Tests.csproj" />
  <Project Path="Examples.Logging/Examples.Logging.csproj" />
</Solution>
