
Microsoft Visual Studio Solution File, Format Version 12.00
# Visual Studio Version 17
VisualStudioVersion = 17.0.31903.59
MinimumVisualStudioVersion = 10.0.40219.1
Project("{2150E333-8FDC-42A3-9474-1A3956D46DE8}") = "src", "src", "{3FC2D88B-240C-4A09-9A23-43D7BE4F5EEE}"
EndProject
Project("{FAE04EC0-301F-11D3-BF4B-00C04F79EFBC}") = "Examples.Various.Tests", "src\Examples.Various.Tests\Examples.Various.Tests.csproj", "{2B21F2AC-F03C-423B-AFC6-121A6CC82BAB}"
EndProject
Project("{FAE04EC0-301F-11D3-BF4B-00C04F79EFBC}") = "Examples.Xunit", "src\Examples.Xunit\Examples.Xunit.csproj", "{C3F1E7EA-ED9C-4EAB-BB53-2B258C07F0DB}"
EndProject
Project("{FAE04EC0-301F-11D3-BF4B-00C04F79EFBC}") = "Examples.Shared", "src\Examples.Shared\Examples.Shared.csproj", "{B49A24B4-4E6B-471F-9A10-490EB81E8DF8}"
EndProject
Project("{FAE04EC0-301F-11D3-BF4B-00C04F79EFBC}") = "Examples.Shared.Tests", "src\Examples.Shared.Tests\Examples.Shared.Tests.csproj", "{FE1705D6-ECB5-45C7-B4F1-2C5AD1E10F1F}"
EndProject
Project("{FAE04EC0-301F-11D3-BF4B-00C04F79EFBC}") = "Examples.Serialization.Tests", "src\Examples.Serialization.Tests\Examples.Serialization.Tests.csproj", "{5B2D7A98-C330-465D-BAED-23A2B7B728AD}"
EndProject
Project("{FAE04EC0-301F-11D3-BF4B-00C04F79EFBC}") = "Examples.T4.CodeGenerator", "src\Examples.T4.CodeGenerator\Examples.T4.CodeGenerator.csproj", "{237935EF-2F2E-4EAC-9514-9B84B2579969}"
EndProject
Project("{FAE04EC0-301F-11D3-BF4B-00C04F79EFBC}") = "Examples.DependencyInjection", "src\Examples.DependencyInjection\Examples.DependencyInjection.csproj", "{8DA93A9F-976C-4894-8F4D-C23703FF1736}"
EndProject
Project("{FAE04EC0-301F-11D3-BF4B-00C04F79EFBC}") = "Examples.DependencyInjection.Tests", "src\Examples.DependencyInjection.Tests\Examples.DependencyInjection.Tests.csproj", "{66B188E2-848D-461B-A9F8-AFDC4E5BF91A}"
EndProject
Project("{FAE04EC0-301F-11D3-BF4B-00C04F79EFBC}") = "Examples.DependencyInjection.IoC.Tests", "src\Examples.DependencyInjection.IoC.Tests\Examples.DependencyInjection.IoC.Tests.csproj", "{D12CEED7-E062-4526-9C90-DB64AED812F9}"
EndProject
Project("{FAE04EC0-301F-11D3-BF4B-00C04F79EFBC}") = "Examples.Hosting.Console", "src\Examples.Hosting.Console\Examples.Hosting.Console.csproj", "{920F7C10-D5B6-4F09-90C8-D3185B99C262}"
EndProject
Project("{FAE04EC0-301F-11D3-BF4B-00C04F79EFBC}") = "Examples.Hosting.Workers", "src\Examples.Hosting.Workers\Examples.Hosting.Workers.csproj", "{4599C054-C239-4F85-AE98-1C0E477B5E79}"
EndProject
Project("{FAE04EC0-301F-11D3-BF4B-00C04F79EFBC}") = "Examples.Metaprogramming.Tests", "src\Examples.Metaprogramming.Tests\Examples.Metaprogramming.Tests.csproj", "{8D0B305E-CD75-4D27-82E0-B21F8857D5B3}"
EndProject
Project("{FAE04EC0-301F-11D3-BF4B-00C04F79EFBC}") = "Examples.Concurrency.Tests", "src\Examples.Concurrency.Tests\Examples.Concurrency.Tests.csproj", "{28003F5B-86EB-43A2-A05B-F655FC454037}"
EndProject
Project("{FAE04EC0-301F-11D3-BF4B-00C04F79EFBC}") = "Examples.Benchmark", "src\Examples.Benchmark\Examples.Benchmark.csproj", "{F6085E84-EE06-488F-BCAA-AA467E38056B}"
EndProject
Project("{FAE04EC0-301F-11D3-BF4B-00C04F79EFBC}") = "Examples.Caching.Tests", "src\Examples.Caching.Tests\Examples.Caching.Tests.csproj", "{BAAC2057-812E-4B72-93EE-303E4821F3FE}"
EndProject
Global
	GlobalSection(SolutionConfigurationPlatforms) = preSolution
		Debug|Any CPU = Debug|Any CPU
		Release|Any CPU = Release|Any CPU
	EndGlobalSection
	GlobalSection(SolutionProperties) = preSolution
		HideSolutionNode = FALSE
	EndGlobalSection
	GlobalSection(ProjectConfigurationPlatforms) = postSolution
		{2B21F2AC-F03C-423B-AFC6-121A6CC82BAB}.Debug|Any CPU.ActiveCfg = Debug|Any CPU
		{2B21F2AC-F03C-423B-AFC6-121A6CC82BAB}.Debug|Any CPU.Build.0 = Debug|Any CPU
		{2B21F2AC-F03C-423B-AFC6-121A6CC82BAB}.Release|Any CPU.ActiveCfg = Release|Any CPU
		{2B21F2AC-F03C-423B-AFC6-121A6CC82BAB}.Release|Any CPU.Build.0 = Release|Any CPU
		{C3F1E7EA-ED9C-4EAB-BB53-2B258C07F0DB}.Debug|Any CPU.ActiveCfg = Debug|Any CPU
		{C3F1E7EA-ED9C-4EAB-BB53-2B258C07F0DB}.Debug|Any CPU.Build.0 = Debug|Any CPU
		{C3F1E7EA-ED9C-4EAB-BB53-2B258C07F0DB}.Release|Any CPU.ActiveCfg = Release|Any CPU
		{C3F1E7EA-ED9C-4EAB-BB53-2B258C07F0DB}.Release|Any CPU.Build.0 = Release|Any CPU
		{B49A24B4-4E6B-471F-9A10-490EB81E8DF8}.Debug|Any CPU.ActiveCfg = Debug|Any CPU
		{B49A24B4-4E6B-471F-9A10-490EB81E8DF8}.Debug|Any CPU.Build.0 = Debug|Any CPU
		{B49A24B4-4E6B-471F-9A10-490EB81E8DF8}.Release|Any CPU.ActiveCfg = Release|Any CPU
		{B49A24B4-4E6B-471F-9A10-490EB81E8DF8}.Release|Any CPU.Build.0 = Release|Any CPU
		{FE1705D6-ECB5-45C7-B4F1-2C5AD1E10F1F}.Debug|Any CPU.ActiveCfg = Debug|Any CPU
		{FE1705D6-ECB5-45C7-B4F1-2C5AD1E10F1F}.Debug|Any CPU.Build.0 = Debug|Any CPU
		{FE1705D6-ECB5-45C7-B4F1-2C5AD1E10F1F}.Release|Any CPU.ActiveCfg = Release|Any CPU
		{FE1705D6-ECB5-45C7-B4F1-2C5AD1E10F1F}.Release|Any CPU.Build.0 = Release|Any CPU
		{5B2D7A98-C330-465D-BAED-23A2B7B728AD}.Debug|Any CPU.ActiveCfg = Debug|Any CPU
		{5B2D7A98-C330-465D-BAED-23A2B7B728AD}.Debug|Any CPU.Build.0 = Debug|Any CPU
		{5B2D7A98-C330-465D-BAED-23A2B7B728AD}.Release|Any CPU.ActiveCfg = Release|Any CPU
		{5B2D7A98-C330-465D-BAED-23A2B7B728AD}.Release|Any CPU.Build.0 = Release|Any CPU
		{237935EF-2F2E-4EAC-9514-9B84B2579969}.Debug|Any CPU.ActiveCfg = Debug|Any CPU
		{237935EF-2F2E-4EAC-9514-9B84B2579969}.Debug|Any CPU.Build.0 = Debug|Any CPU
		{237935EF-2F2E-4EAC-9514-9B84B2579969}.Release|Any CPU.ActiveCfg = Release|Any CPU
		{237935EF-2F2E-4EAC-9514-9B84B2579969}.Release|Any CPU.Build.0 = Release|Any CPU
		{8DA93A9F-976C-4894-8F4D-C23703FF1736}.Debug|Any CPU.ActiveCfg = Debug|Any CPU
		{8DA93A9F-976C-4894-8F4D-C23703FF1736}.Debug|Any CPU.Build.0 = Debug|Any CPU
		{8DA93A9F-976C-4894-8F4D-C23703FF1736}.Release|Any CPU.ActiveCfg = Release|Any CPU
		{8DA93A9F-976C-4894-8F4D-C23703FF1736}.Release|Any CPU.Build.0 = Release|Any CPU
		{66B188E2-848D-461B-A9F8-AFDC4E5BF91A}.Debug|Any CPU.ActiveCfg = Debug|Any CPU
		{66B188E2-848D-461B-A9F8-AFDC4E5BF91A}.Debug|Any CPU.Build.0 = Debug|Any CPU
		{66B188E2-848D-461B-A9F8-AFDC4E5BF91A}.Release|Any CPU.ActiveCfg = Release|Any CPU
		{66B188E2-848D-461B-A9F8-AFDC4E5BF91A}.Release|Any CPU.Build.0 = Release|Any CPU
		{D12CEED7-E062-4526-9C90-DB64AED812F9}.Debug|Any CPU.ActiveCfg = Debug|Any CPU
		{D12CEED7-E062-4526-9C90-DB64AED812F9}.Debug|Any CPU.Build.0 = Debug|Any CPU
		{D12CEED7-E062-4526-9C90-DB64AED812F9}.Release|Any CPU.ActiveCfg = Release|Any CPU
		{D12CEED7-E062-4526-9C90-DB64AED812F9}.Release|Any CPU.Build.0 = Release|Any CPU
		{920F7C10-D5B6-4F09-90C8-D3185B99C262}.Debug|Any CPU.ActiveCfg = Debug|Any CPU
		{920F7C10-D5B6-4F09-90C8-D3185B99C262}.Debug|Any CPU.Build.0 = Debug|Any CPU
		{920F7C10-D5B6-4F09-90C8-D3185B99C262}.Release|Any CPU.ActiveCfg = Release|Any CPU
		{920F7C10-D5B6-4F09-90C8-D3185B99C262}.Release|Any CPU.Build.0 = Release|Any CPU
		{4599C054-C239-4F85-AE98-1C0E477B5E79}.Debug|Any CPU.ActiveCfg = Debug|Any CPU
		{4599C054-C239-4F85-AE98-1C0E477B5E79}.Debug|Any CPU.Build.0 = Debug|Any CPU
		{4599C054-C239-4F85-AE98-1C0E477B5E79}.Release|Any CPU.ActiveCfg = Release|Any CPU
		{4599C054-C239-4F85-AE98-1C0E477B5E79}.Release|Any CPU.Build.0 = Release|Any CPU
		{8D0B305E-CD75-4D27-82E0-B21F8857D5B3}.Debug|Any CPU.ActiveCfg = Debug|Any CPU
		{8D0B305E-CD75-4D27-82E0-B21F8857D5B3}.Debug|Any CPU.Build.0 = Debug|Any CPU
		{8D0B305E-CD75-4D27-82E0-B21F8857D5B3}.Release|Any CPU.ActiveCfg = Release|Any CPU
		{8D0B305E-CD75-4D27-82E0-B21F8857D5B3}.Release|Any CPU.Build.0 = Release|Any CPU
		{28003F5B-86EB-43A2-A05B-F655FC454037}.Debug|Any CPU.ActiveCfg = Debug|Any CPU
		{28003F5B-86EB-43A2-A05B-F655FC454037}.Debug|Any CPU.Build.0 = Debug|Any CPU
		{28003F5B-86EB-43A2-A05B-F655FC454037}.Release|Any CPU.ActiveCfg = Release|Any CPU
		{28003F5B-86EB-43A2-A05B-F655FC454037}.Release|Any CPU.Build.0 = Release|Any CPU
		{F6085E84-EE06-488F-BCAA-AA467E38056B}.Debug|Any CPU.ActiveCfg = Debug|Any CPU
		{F6085E84-EE06-488F-BCAA-AA467E38056B}.Debug|Any CPU.Build.0 = Debug|Any CPU
		{F6085E84-EE06-488F-BCAA-AA467E38056B}.Release|Any CPU.ActiveCfg = Release|Any CPU
		{F6085E84-EE06-488F-BCAA-AA467E38056B}.Release|Any CPU.Build.0 = Release|Any CPU
		{BAAC2057-812E-4B72-93EE-303E4821F3FE}.Debug|Any CPU.ActiveCfg = Debug|Any CPU
		{BAAC2057-812E-4B72-93EE-303E4821F3FE}.Debug|Any CPU.Build.0 = Debug|Any CPU
		{BAAC2057-812E-4B72-93EE-303E4821F3FE}.Release|Any CPU.ActiveCfg = Release|Any CPU
		{BAAC2057-812E-4B72-93EE-303E4821F3FE}.Release|Any CPU.Build.0 = Release|Any CPU
	EndGlobalSection
	GlobalSection(NestedProjects) = preSolution
		{2B21F2AC-F03C-423B-AFC6-121A6CC82BAB} = {3FC2D88B-240C-4A09-9A23-43D7BE4F5EEE}
		{C3F1E7EA-ED9C-4EAB-BB53-2B258C07F0DB} = {3FC2D88B-240C-4A09-9A23-43D7BE4F5EEE}
		{B49A24B4-4E6B-471F-9A10-490EB81E8DF8} = {3FC2D88B-240C-4A09-9A23-43D7BE4F5EEE}
		{FE1705D6-ECB5-45C7-B4F1-2C5AD1E10F1F} = {3FC2D88B-240C-4A09-9A23-43D7BE4F5EEE}
		{5B2D7A98-C330-465D-BAED-23A2B7B728AD} = {3FC2D88B-240C-4A09-9A23-43D7BE4F5EEE}
		{237935EF-2F2E-4EAC-9514-9B84B2579969} = {3FC2D88B-240C-4A09-9A23-43D7BE4F5EEE}
		{8DA93A9F-976C-4894-8F4D-C23703FF1736} = {3FC2D88B-240C-4A09-9A23-43D7BE4F5EEE}
		{66B188E2-848D-461B-A9F8-AFDC4E5BF91A} = {3FC2D88B-240C-4A09-9A23-43D7BE4F5EEE}
		{D12CEED7-E062-4526-9C90-DB64AED812F9} = {3FC2D88B-240C-4A09-9A23-43D7BE4F5EEE}
		{920F7C10-D5B6-4F09-90C8-D3185B99C262} = {3FC2D88B-240C-4A09-9A23-43D7BE4F5EEE}
		{4599C054-C239-4F85-AE98-1C0E477B5E79} = {3FC2D88B-240C-4A09-9A23-43D7BE4F5EEE}
		{8D0B305E-CD75-4D27-82E0-B21F8857D5B3} = {3FC2D88B-240C-4A09-9A23-43D7BE4F5EEE}
		{28003F5B-86EB-43A2-A05B-F655FC454037} = {3FC2D88B-240C-4A09-9A23-43D7BE4F5EEE}
		{F6085E84-EE06-488F-BCAA-AA467E38056B} = {3FC2D88B-240C-4A09-9A23-43D7BE4F5EEE}
		{BAAC2057-812E-4B72-93EE-303E4821F3FE} = {3FC2D88B-240C-4A09-9A23-43D7BE4F5EEE}
	EndGlobalSection
EndGlobal
