
Microsoft Visual Studio Solution File, Format Version 12.00
# Visual Studio 15
VisualStudioVersion = 15.0.26124.0
MinimumVisualStudioVersion = 15.0.26124.0
Project("{2150E333-8FDC-42A3-9474-1A3956D46DE8}") = "src", "src", "{655F61FD-1CD5-45E8-AB4E-DC5C7DB264F3}"
EndProject
Project("{FAE04EC0-301F-11D3-BF4B-00C04F79EFBC}") = "Examples", "src\Examples\Examples.csproj", "{9C65B963-4D67-46A1-8C8E-B97655F76BBC}"
EndProject
Project("{2150E333-8FDC-42A3-9474-1A3956D46DE8}") = "test", "test", "{8EF560CD-358B-4C64-954D-65A9CE78A59E}"
EndProject
Project("{FAE04EC0-301F-11D3-BF4B-00C04F79EFBC}") = "Examples.Tests", "test\Examples.Tests\Examples.Tests.csproj", "{DA70551B-00AC-4452-9A7A-A8666EA25947}"
EndProject
Global
	GlobalSection(SolutionConfigurationPlatforms) = preSolution
		Debug|Any CPU = Debug|Any CPU
		Debug|x64 = Debug|x64
		Debug|x86 = Debug|x86
		Release|Any CPU = Release|Any CPU
		Release|x64 = Release|x64
		Release|x86 = Release|x86
	EndGlobalSection
	GlobalSection(SolutionProperties) = preSolution
		HideSolutionNode = FALSE
	EndGlobalSection
	GlobalSection(ProjectConfigurationPlatforms) = postSolution
		{9C65B963-4D67-46A1-8C8E-B97655F76BBC}.Debug|Any CPU.ActiveCfg = Debug|Any CPU
		{9C65B963-4D67-46A1-8C8E-B97655F76BBC}.Debug|Any CPU.Build.0 = Debug|Any CPU
		{9C65B963-4D67-46A1-8C8E-B97655F76BBC}.Debug|x64.ActiveCfg = Debug|Any CPU
		{9C65B963-4D67-46A1-8C8E-B97655F76BBC}.Debug|x64.Build.0 = Debug|Any CPU
		{9C65B963-4D67-46A1-8C8E-B97655F76BBC}.Debug|x86.ActiveCfg = Debug|Any CPU
		{9C65B963-4D67-46A1-8C8E-B97655F76BBC}.Debug|x86.Build.0 = Debug|Any CPU
		{9C65B963-4D67-46A1-8C8E-B97655F76BBC}.Release|Any CPU.ActiveCfg = Release|Any CPU
		{9C65B963-4D67-46A1-8C8E-B97655F76BBC}.Release|Any CPU.Build.0 = Release|Any CPU
		{9C65B963-4D67-46A1-8C8E-B97655F76BBC}.Release|x64.ActiveCfg = Release|Any CPU
		{9C65B963-4D67-46A1-8C8E-B97655F76BBC}.Release|x64.Build.0 = Release|Any CPU
		{9C65B963-4D67-46A1-8C8E-B97655F76BBC}.Release|x86.ActiveCfg = Release|Any CPU
		{9C65B963-4D67-46A1-8C8E-B97655F76BBC}.Release|x86.Build.0 = Release|Any CPU
		{DA70551B-00AC-4452-9A7A-A8666EA25947}.Debug|Any CPU.ActiveCfg = Debug|Any CPU
		{DA70551B-00AC-4452-9A7A-A8666EA25947}.Debug|Any CPU.Build.0 = Debug|Any CPU
		{DA70551B-00AC-4452-9A7A-A8666EA25947}.Debug|x64.ActiveCfg = Debug|Any CPU
		{DA70551B-00AC-4452-9A7A-A8666EA25947}.Debug|x64.Build.0 = Debug|Any CPU
		{DA70551B-00AC-4452-9A7A-A8666EA25947}.Debug|x86.ActiveCfg = Debug|Any CPU
		{DA70551B-00AC-4452-9A7A-A8666EA25947}.Debug|x86.Build.0 = Debug|Any CPU
		{DA70551B-00AC-4452-9A7A-A8666EA25947}.Release|Any CPU.ActiveCfg = Release|Any CPU
		{DA70551B-00AC-4452-9A7A-A8666EA25947}.Release|Any CPU.Build.0 = Release|Any CPU
		{DA70551B-00AC-4452-9A7A-A8666EA25947}.Release|x64.ActiveCfg = Release|Any CPU
		{DA70551B-00AC-4452-9A7A-A8666EA25947}.Release|x64.Build.0 = Release|Any CPU
		{DA70551B-00AC-4452-9A7A-A8666EA25947}.Release|x86.ActiveCfg = Release|Any CPU
		{DA70551B-00AC-4452-9A7A-A8666EA25947}.Release|x86.Build.0 = Release|Any CPU
	EndGlobalSection
	GlobalSection(NestedProjects) = preSolution
		{9C65B963-4D67-46A1-8C8E-B97655F76BBC} = {655F61FD-1CD5-45E8-AB4E-DC5C7DB264F3}
		{DA70551B-00AC-4452-9A7A-A8666EA25947} = {8EF560CD-358B-4C64-954D-65A9CE78A59E}
	EndGlobalSection
EndGlobal
