
Microsoft Visual Studio Solution File, Format Version 12.00
# Visual Studio Version 17
VisualStudioVersion = 17.0.31903.59
MinimumVisualStudioVersion = 10.0.40219.1
Project("{2150E333-8FDC-42A3-9474-1A3956D46DE8}") = "src", "src", "{016D6892-C42E-41BB-92C0-10AFDD607B64}"
EndProject
Project("{FAE04EC0-301F-11D3-BF4B-00C04F79EFBC}") = "Examples.Shared", "src\Examples.Shared\Examples.Shared.csproj", "{CAE56FA8-47C5-4B1F-AB39-2F7D046A9021}"
EndProject
Project("{FAE04EC0-301F-11D3-BF4B-00C04F79EFBC}") = "Examples.Shared.Tests", "src\Examples.Shared.Tests\Examples.Shared.Tests.csproj", "{E61B17E5-3895-4BD3-A30D-00404A06099D}"
EndProject
Project("{FAE04EC0-301F-11D3-BF4B-00C04F79EFBC}") = "Examples.DependencyInjection", "src\Examples.DependencyInjection\Examples.DependencyInjection.csproj", "{181B8A08-7238-4444-A529-3D2C3A104A70}"
EndProject
Project("{FAE04EC0-301F-11D3-BF4B-00C04F79EFBC}") = "Examples.DependencyInjection.Tests", "src\Examples.DependencyInjection.Tests\Examples.DependencyInjection.Tests.csproj", "{94235E1C-3478-405A-8BC7-82D6DE544076}"
EndProject
Project("{FAE04EC0-301F-11D3-BF4B-00C04F79EFBC}") = "Examples.Hosting.Workers", "src\Examples.Hosting.Workers\Examples.Hosting.Workers.csproj", "{CE4E4141-99B7-41B8-94B2-E7DD71C46283}"
EndProject
Project("{FAE04EC0-301F-11D3-BF4B-00C04F79EFBC}") = "Examples.Hosting.Console", "src\Examples.Hosting.Console\Examples.Hosting.Console.csproj", "{4D51AF47-970D-4C7E-9A9E-217A5BD4A4F6}"
EndProject
Project("{FAE04EC0-301F-11D3-BF4B-00C04F79EFBC}") = "Examples.DependencyInjection.IoC.Tests", "src\Examples.DependencyInjection.IoC.Tests\Examples.DependencyInjection.IoC.Tests.csproj", "{26E820FC-63CE-4DE8-B4C0-4ECC16851842}"
EndProject
Project("{FAE04EC0-301F-11D3-BF4B-00C04F79EFBC}") = "Examples.Serialization.Tests", "src\Examples.Serialization.Tests\Examples.Serialization.Tests.csproj", "{24B5906B-4D97-47C3-9A13-150069B9015C}"
EndProject
Project("{FAE04EC0-301F-11D3-BF4B-00C04F79EFBC}") = "Examples.Benchmark", "src\Examples.Benchmark\Examples.Benchmark.csproj", "{9B313CBF-F9BC-478A-9ECA-8D2438DDA48F}"
EndProject
Project("{FAE04EC0-301F-11D3-BF4B-00C04F79EFBC}") = "Examples.T4.CodeGenerator", "src\Examples.T4.CodeGenerator\Examples.T4.CodeGenerator.csproj", "{4F3C0096-DF64-40F1-97CB-E14AAD1D5C16}"
EndProject
Global
	GlobalSection(SolutionConfigurationPlatforms) = preSolution
		Debug|Any CPU = Debug|Any CPU
		Release|Any CPU = Release|Any CPU
	EndGlobalSection
	GlobalSection(SolutionProperties) = preSolution
		HideSolutionNode = FALSE
	EndGlobalSection
	GlobalSection(ProjectConfigurationPlatforms) = postSolution
		{CAE56FA8-47C5-4B1F-AB39-2F7D046A9021}.Debug|Any CPU.ActiveCfg = Debug|Any CPU
		{CAE56FA8-47C5-4B1F-AB39-2F7D046A9021}.Debug|Any CPU.Build.0 = Debug|Any CPU
		{CAE56FA8-47C5-4B1F-AB39-2F7D046A9021}.Release|Any CPU.ActiveCfg = Release|Any CPU
		{CAE56FA8-47C5-4B1F-AB39-2F7D046A9021}.Release|Any CPU.Build.0 = Release|Any CPU
		{E61B17E5-3895-4BD3-A30D-00404A06099D}.Debug|Any CPU.ActiveCfg = Debug|Any CPU
		{E61B17E5-3895-4BD3-A30D-00404A06099D}.Debug|Any CPU.Build.0 = Debug|Any CPU
		{E61B17E5-3895-4BD3-A30D-00404A06099D}.Release|Any CPU.ActiveCfg = Release|Any CPU
		{E61B17E5-3895-4BD3-A30D-00404A06099D}.Release|Any CPU.Build.0 = Release|Any CPU
		{181B8A08-7238-4444-A529-3D2C3A104A70}.Debug|Any CPU.ActiveCfg = Debug|Any CPU
		{181B8A08-7238-4444-A529-3D2C3A104A70}.Debug|Any CPU.Build.0 = Debug|Any CPU
		{181B8A08-7238-4444-A529-3D2C3A104A70}.Release|Any CPU.ActiveCfg = Release|Any CPU
		{181B8A08-7238-4444-A529-3D2C3A104A70}.Release|Any CPU.Build.0 = Release|Any CPU
		{94235E1C-3478-405A-8BC7-82D6DE544076}.Debug|Any CPU.ActiveCfg = Debug|Any CPU
		{94235E1C-3478-405A-8BC7-82D6DE544076}.Debug|Any CPU.Build.0 = Debug|Any CPU
		{94235E1C-3478-405A-8BC7-82D6DE544076}.Release|Any CPU.ActiveCfg = Release|Any CPU
		{94235E1C-3478-405A-8BC7-82D6DE544076}.Release|Any CPU.Build.0 = Release|Any CPU
		{CE4E4141-99B7-41B8-94B2-E7DD71C46283}.Debug|Any CPU.ActiveCfg = Debug|Any CPU
		{CE4E4141-99B7-41B8-94B2-E7DD71C46283}.Debug|Any CPU.Build.0 = Debug|Any CPU
		{CE4E4141-99B7-41B8-94B2-E7DD71C46283}.Release|Any CPU.ActiveCfg = Release|Any CPU
		{CE4E4141-99B7-41B8-94B2-E7DD71C46283}.Release|Any CPU.Build.0 = Release|Any CPU
		{4D51AF47-970D-4C7E-9A9E-217A5BD4A4F6}.Debug|Any CPU.ActiveCfg = Debug|Any CPU
		{4D51AF47-970D-4C7E-9A9E-217A5BD4A4F6}.Debug|Any CPU.Build.0 = Debug|Any CPU
		{4D51AF47-970D-4C7E-9A9E-217A5BD4A4F6}.Release|Any CPU.ActiveCfg = Release|Any CPU
		{4D51AF47-970D-4C7E-9A9E-217A5BD4A4F6}.Release|Any CPU.Build.0 = Release|Any CPU
		{26E820FC-63CE-4DE8-B4C0-4ECC16851842}.Debug|Any CPU.ActiveCfg = Debug|Any CPU
		{26E820FC-63CE-4DE8-B4C0-4ECC16851842}.Debug|Any CPU.Build.0 = Debug|Any CPU
		{26E820FC-63CE-4DE8-B4C0-4ECC16851842}.Release|Any CPU.ActiveCfg = Release|Any CPU
		{26E820FC-63CE-4DE8-B4C0-4ECC16851842}.Release|Any CPU.Build.0 = Release|Any CPU
		{24B5906B-4D97-47C3-9A13-150069B9015C}.Debug|Any CPU.ActiveCfg = Debug|Any CPU
		{24B5906B-4D97-47C3-9A13-150069B9015C}.Debug|Any CPU.Build.0 = Debug|Any CPU
		{24B5906B-4D97-47C3-9A13-150069B9015C}.Release|Any CPU.ActiveCfg = Release|Any CPU
		{24B5906B-4D97-47C3-9A13-150069B9015C}.Release|Any CPU.Build.0 = Release|Any CPU
		{9B313CBF-F9BC-478A-9ECA-8D2438DDA48F}.Debug|Any CPU.ActiveCfg = Debug|Any CPU
		{9B313CBF-F9BC-478A-9ECA-8D2438DDA48F}.Debug|Any CPU.Build.0 = Debug|Any CPU
		{9B313CBF-F9BC-478A-9ECA-8D2438DDA48F}.Release|Any CPU.ActiveCfg = Release|Any CPU
		{9B313CBF-F9BC-478A-9ECA-8D2438DDA48F}.Release|Any CPU.Build.0 = Release|Any CPU
		{4F3C0096-DF64-40F1-97CB-E14AAD1D5C16}.Debug|Any CPU.ActiveCfg = Debug|Any CPU
		{4F3C0096-DF64-40F1-97CB-E14AAD1D5C16}.Debug|Any CPU.Build.0 = Debug|Any CPU
		{4F3C0096-DF64-40F1-97CB-E14AAD1D5C16}.Release|Any CPU.ActiveCfg = Release|Any CPU
		{4F3C0096-DF64-40F1-97CB-E14AAD1D5C16}.Release|Any CPU.Build.0 = Release|Any CPU
	EndGlobalSection
	GlobalSection(NestedProjects) = preSolution
		{CAE56FA8-47C5-4B1F-AB39-2F7D046A9021} = {016D6892-C42E-41BB-92C0-10AFDD607B64}
		{E61B17E5-3895-4BD3-A30D-00404A06099D} = {016D6892-C42E-41BB-92C0-10AFDD607B64}
		{181B8A08-7238-4444-A529-3D2C3A104A70} = {016D6892-C42E-41BB-92C0-10AFDD607B64}
		{94235E1C-3478-405A-8BC7-82D6DE544076} = {016D6892-C42E-41BB-92C0-10AFDD607B64}
		{CE4E4141-99B7-41B8-94B2-E7DD71C46283} = {016D6892-C42E-41BB-92C0-10AFDD607B64}
		{4D51AF47-970D-4C7E-9A9E-217A5BD4A4F6} = {016D6892-C42E-41BB-92C0-10AFDD607B64}
		{26E820FC-63CE-4DE8-B4C0-4ECC16851842} = {016D6892-C42E-41BB-92C0-10AFDD607B64}
		{24B5906B-4D97-47C3-9A13-150069B9015C} = {016D6892-C42E-41BB-92C0-10AFDD607B64}
		{9B313CBF-F9BC-478A-9ECA-8D2438DDA48F} = {016D6892-C42E-41BB-92C0-10AFDD607B64}
		{4F3C0096-DF64-40F1-97CB-E14AAD1D5C16} = {016D6892-C42E-41BB-92C0-10AFDD607B64}
	EndGlobalSection
EndGlobal
